
Microsoft Visual Studio Solution File, Format Version 12.00
# Visual Studio Version 17
VisualStudioVersion = 17.10.35027.167
MinimumVisualStudioVersion = 10.0.40219.1
Project("{FAE04EC0-301F-11D3-BF4B-00C04F79EFBC}") = "Proiect_practicaDI", "Proiect_practicaDI.csproj", "{6556138C-D025-4E70-94E8-06C5C2462D9E}"
EndProject
Project("{FAE04EC0-301F-11D3-BF4B-00C04F79EFBC}") = "NivelStocareDate", "NivelStocareDate\NivelStocareDate.csproj", "{B8286093-E008-4CB0-A5E7-6782BD95099F}"
EndProject
Project("{FAE04EC0-301F-11D3-BF4B-00C04F79EFBC}") = "LibrarieClase", "LibrarieClase\LibrarieClase.csproj", "{D31614CB-DCEA-48DF-856C-2F78A76159F3}"
EndProject
Project("{FAE04EC0-301F-11D3-BF4B-00C04F79EFBC}") = "InterfataUtilizator", "InterfataUtilizator\InterfataUtilizator.csproj", "{DD5F8DAF-70E5-419B-8066-456360EE4CB5}"
EndProject
Global
	GlobalSection(SolutionConfigurationPlatforms) = preSolution
		Debug|Any CPU = Debug|Any CPU
		Release|Any CPU = Release|Any CPU
	EndGlobalSection
	GlobalSection(ProjectConfigurationPlatforms) = postSolution
		{6556138C-D025-4E70-94E8-06C5C2462D9E}.Debug|Any CPU.ActiveCfg = Debug|Any CPU
		{6556138C-D025-4E70-94E8-06C5C2462D9E}.Debug|Any CPU.Build.0 = Debug|Any CPU
		{6556138C-D025-4E70-94E8-06C5C2462D9E}.Release|Any CPU.ActiveCfg = Release|Any CPU
		{6556138C-D025-4E70-94E8-06C5C2462D9E}.Release|Any CPU.Build.0 = Release|Any CPU
		{B8286093-E008-4CB0-A5E7-6782BD95099F}.Debug|Any CPU.ActiveCfg = Debug|Any CPU
		{B8286093-E008-4CB0-A5E7-6782BD95099F}.Debug|Any CPU.Build.0 = Debug|Any CPU
		{B8286093-E008-4CB0-A5E7-6782BD95099F}.Release|Any CPU.ActiveCfg = Release|Any CPU
		{B8286093-E008-4CB0-A5E7-6782BD95099F}.Release|Any CPU.Build.0 = Release|Any CPU
		{D31614CB-DCEA-48DF-856C-2F78A76159F3}.Debug|Any CPU.ActiveCfg = Debug|Any CPU
		{D31614CB-DCEA-48DF-856C-2F78A76159F3}.Debug|Any CPU.Build.0 = Debug|Any CPU
		{D31614CB-DCEA-48DF-856C-2F78A76159F3}.Release|Any CPU.ActiveCfg = Release|Any CPU
		{D31614CB-DCEA-48DF-856C-2F78A76159F3}.Release|Any CPU.Build.0 = Release|Any CPU
		{DD5F8DAF-70E5-419B-8066-456360EE4CB5}.Debug|Any CPU.ActiveCfg = Debug|Any CPU
		{DD5F8DAF-70E5-419B-8066-456360EE4CB5}.Debug|Any CPU.Build.0 = Debug|Any CPU
		{DD5F8DAF-70E5-419B-8066-456360EE4CB5}.Release|Any CPU.ActiveCfg = Release|Any CPU
		{DD5F8DAF-70E5-419B-8066-456360EE4CB5}.Release|Any CPU.Build.0 = Release|Any CPU
	EndGlobalSection
	GlobalSection(SolutionProperties) = preSolution
		HideSolutionNode = FALSE
	EndGlobalSection
	GlobalSection(ExtensibilityGlobals) = postSolution
		SolutionGuid = {8439A64D-A340-4883-850D-07C425315CE6}
	EndGlobalSection
EndGlobal
